// !$*UTF8*$!
{
	archiveVersion = 1;
	classes = {
	};
	objectVersion = 77;
	objects = {

/* Begin PBXBuildFile section */
		DE7EF9B52F727DDE00C7B64B /* AuthTests.swift in Sources */ = {isa = PBXBuildFile; fileRef = DE7EF9B12F727DDE00C7B64B /* AuthTests.swift */; };
		DE7EF9B72F727DDE00C7B64B /* get_weather_appUITestsLaunchTests.swift in Sources */ = {isa = PBXBuildFile; fileRef = DE7EF9B32F727DDE00C7B64B /* get_weather_appUITestsLaunchTests.swift */; };
		DE7EF9BA2F727DE200C7B64B /* get_weather_appTests.swift in Sources */ = {isa = PBXBuildFile; fileRef = DE7EF9B82F727DE200C7B64B /* get_weather_appTests.swift */; };
		DE7EF9BD2F727F3F00C7B64B /* BaseScreen.swift in Sources */ = {isa = PBXBuildFile; fileRef = DE7EF9BC2F727F3800C7B64B /* BaseScreen.swift */; };
		DE7EF9BF2F727F4C00C7B64B /* LoginScreen.swift in Sources */ = {isa = PBXBuildFile; fileRef = DE7EF9BE2F727F4600C7B64B /* LoginScreen.swift */; };
		DE7EF9C12F727F6300C7B64B /* CityScreen.swift in Sources */ = {isa = PBXBuildFile; fileRef = DE7EF9C02F727F5200C7B64B /* CityScreen.swift */; };
		DE7EF9C32F727F7600C7B64B /* WeatherScreen.swift in Sources */ = {isa = PBXBuildFile; fileRef = DE7EF9C22F727F6A00C7B64B /* WeatherScreen.swift */; };
		DE7EF9C52F728F5400C7B64B /* BaseTest.swift in Sources */ = {isa = PBXBuildFile; fileRef = DE7EF9C42F728F4E00C7B64B /* BaseTest.swift */; };
		DE7EF9C72F72B18400C7B64B /* NavigationTests.swift in Sources */ = {isa = PBXBuildFile; fileRef = DE7EF9C62F72B17C00C7B64B /* NavigationTests.swift */; };
		DE7EF9C92F72B1FD00C7B64B /* GettingWeatherTests.swift in Sources */ = {isa = PBXBuildFile; fileRef = DE7EF9C82F72B18C00C7B64B /* GettingWeatherTests.swift */; };
		DE8238D32F5E87AF0019BF4F /* LocationService.swift in Sources */ = {isa = PBXBuildFile; fileRef = DE8238D22F5E87A70019BF4F /* LocationService.swift */; };
		DE8784802F4AB66400E9D01F /* Alamofire in Frameworks */ = {isa = PBXBuildFile; productRef = DE87847F2F4AB66400E9D01F /* Alamofire */; };
		DE892E2A2F377F6400F12A5B /* AppDelegate.swift in Sources */ = {isa = PBXBuildFile; fileRef = DE892E292F377F6400F12A5B /* AppDelegate.swift */; };
		DE892E2C2F377F6400F12A5B /* SceneDelegate.swift in Sources */ = {isa = PBXBuildFile; fileRef = DE892E2B2F377F6400F12A5B /* SceneDelegate.swift */; };
		DE892E2E2F377F6400F12A5B /* LoginViewController.swift in Sources */ = {isa = PBXBuildFile; fileRef = DE892E2D2F377F6400F12A5B /* LoginViewController.swift */; };
		DE892E312F377F6400F12A5B /* Main.storyboard in Resources */ = {isa = PBXBuildFile; fileRef = DE892E2F2F377F6400F12A5B /* Main.storyboard */; };
		DE892E332F377F6700F12A5B /* Assets.xcassets in Resources */ = {isa = PBXBuildFile; fileRef = DE892E322F377F6700F12A5B /* Assets.xcassets */; };
		DE892E362F377F6700F12A5B /* LaunchScreen.storyboard in Resources */ = {isa = PBXBuildFile; fileRef = DE892E342F377F6700F12A5B /* LaunchScreen.storyboard */; };
		DEA23A4A2F3891A7003D3B63 /* LoginViewModel.swift in Sources */ = {isa = PBXBuildFile; fileRef = DEA23A492F389193003D3B63 /* LoginViewModel.swift */; };
		DEA23A4C2F389C93003D3B63 /* CityViewController.swift in Sources */ = {isa = PBXBuildFile; fileRef = DEA23A4B2F389C84003D3B63 /* CityViewController.swift */; };
		DEA23A4E2F389CA3003D3B63 /* CityViewModel.swift in Sources */ = {isa = PBXBuildFile; fileRef = DEA23A4D2F389C99003D3B63 /* CityViewModel.swift */; };
		DEA23A512F389CE5003D3B63 /* WeatherViewModel.swift in Sources */ = {isa = PBXBuildFile; fileRef = DEA23A502F389CD1003D3B63 /* WeatherViewModel.swift */; };
		DEA23A532F389D54003D3B63 /* WeatherViewController.swift in Sources */ = {isa = PBXBuildFile; fileRef = DEA23A522F389D37003D3B63 /* WeatherViewController.swift */; };
		DEB96CEE2F4CA2AE00A17122 /* NetworkService.swift in Sources */ = {isa = PBXBuildFile; fileRef = DEA23A552F389D9C003D3B63 /* NetworkService.swift */; };
		DEB96CEF2F4CA9FC00A17122 /* Weather.swift in Sources */ = {isa = PBXBuildFile; fileRef = DEA23A562F389DBF003D3B63 /* Weather.swift */; };
/* End PBXBuildFile section */

/* Begin PBXContainerItemProxy section */
		DE892E3D2F377F6700F12A5B /* PBXContainerItemProxy */ = {
			isa = PBXContainerItemProxy;
			containerPortal = DE892E1E2F377F6400F12A5B /* Project object */;
			proxyType = 1;
			remoteGlobalIDString = DE892E252F377F6400F12A5B;
			remoteInfo = get_weather_app;
		};
		DE892E472F377F6700F12A5B /* PBXContainerItemProxy */ = {
			isa = PBXContainerItemProxy;
			containerPortal = DE892E1E2F377F6400F12A5B /* Project object */;
			proxyType = 1;
			remoteGlobalIDString = DE892E252F377F6400F12A5B;
			remoteInfo = get_weather_app;
		};
/* End PBXContainerItemProxy section */

/* Begin PBXFileReference section */
		DE7EF9B12F727DDE00C7B64B /* AuthTests.swift */ = {isa = PBXFileReference; lastKnownFileType = sourcecode.swift; path = AuthTests.swift; sourceTree = "<group>"; };
		DE7EF9B32F727DDE00C7B64B /* get_weather_appUITestsLaunchTests.swift */ = {isa = PBXFileReference; lastKnownFileType = sourcecode.swift; path = get_weather_appUITestsLaunchTests.swift; sourceTree = "<group>"; };
		DE7EF9B82F727DE200C7B64B /* get_weather_appTests.swift */ = {isa = PBXFileReference; lastKnownFileType = sourcecode.swift; path = get_weather_appTests.swift; sourceTree = "<group>"; };
		DE7EF9BC2F727F3800C7B64B /* BaseScreen.swift */ = {isa = PBXFileReference; lastKnownFileType = sourcecode.swift; path = BaseScreen.swift; sourceTree = "<group>"; };
		DE7EF9BE2F727F4600C7B64B /* LoginScreen.swift */ = {isa = PBXFileReference; lastKnownFileType = sourcecode.swift; path = LoginScreen.swift; sourceTree = "<group>"; };
		DE7EF9C02F727F5200C7B64B /* CityScreen.swift */ = {isa = PBXFileReference; lastKnownFileType = sourcecode.swift; path = CityScreen.swift; sourceTree = "<group>"; };
		DE7EF9C22F727F6A00C7B64B /* WeatherScreen.swift */ = {isa = PBXFileReference; lastKnownFileType = sourcecode.swift; path = WeatherScreen.swift; sourceTree = "<group>"; };
		DE7EF9C42F728F4E00C7B64B /* BaseTest.swift */ = {isa = PBXFileReference; lastKnownFileType = sourcecode.swift; path = BaseTest.swift; sourceTree = "<group>"; };
		DE7EF9C62F72B17C00C7B64B /* NavigationTests.swift */ = {isa = PBXFileReference; lastKnownFileType = sourcecode.swift; path = NavigationTests.swift; sourceTree = "<group>"; };
		DE7EF9C82F72B18C00C7B64B /* GettingWeatherTests.swift */ = {isa = PBXFileReference; lastKnownFileType = sourcecode.swift; path = GettingWeatherTests.swift; sourceTree = "<group>"; };
		DE8238D22F5E87A70019BF4F /* LocationService.swift */ = {isa = PBXFileReference; lastKnownFileType = sourcecode.swift; path = LocationService.swift; sourceTree = "<group>"; };
		DE892E262F377F6400F12A5B /* get_weather_app.app */ = {isa = PBXFileReference; explicitFileType = wrapper.application; includeInIndex = 0; path = get_weather_app.app; sourceTree = BUILT_PRODUCTS_DIR; };
		DE892E292F377F6400F12A5B /* AppDelegate.swift */ = {isa = PBXFileReference; lastKnownFileType = sourcecode.swift; path = AppDelegate.swift; sourceTree = "<group>"; };
		DE892E2B2F377F6400F12A5B /* SceneDelegate.swift */ = {isa = PBXFileReference; lastKnownFileType = sourcecode.swift; path = SceneDelegate.swift; sourceTree = "<group>"; };
		DE892E2D2F377F6400F12A5B /* LoginViewController.swift */ = {isa = PBXFileReference; lastKnownFileType = sourcecode.swift; path = LoginViewController.swift; sourceTree = "<group>"; };
		DE892E302F377F6400F12A5B /* Base */ = {isa = PBXFileReference; lastKnownFileType = file.storyboard; name = Base; path = Base.lproj/Main.storyboard; sourceTree = "<group>"; };
		DE892E322F377F6700F12A5B /* Assets.xcassets */ = {isa = PBXFileReference; lastKnownFileType = folder.assetcatalog; path = Assets.xcassets; sourceTree = "<group>"; };
		DE892E352F377F6700F12A5B /* Base */ = {isa = PBXFileReference; lastKnownFileType = file.storyboard; name = Base; path = Base.lproj/LaunchScreen.storyboard; sourceTree = "<group>"; };
		DE892E372F377F6700F12A5B /* Info.plist */ = {isa = PBXFileReference; lastKnownFileType = text.plist.xml; path = Info.plist; sourceTree = "<group>"; };
		DE892E3C2F377F6700F12A5B /* get_weather_appTests.xctest */ = {isa = PBXFileReference; explicitFileType = wrapper.cfbundle; includeInIndex = 0; path = get_weather_appTests.xctest; sourceTree = BUILT_PRODUCTS_DIR; };
		DE892E462F377F6700F12A5B /* get_weather_appUITests.xctest */ = {isa = PBXFileReference; explicitFileType = wrapper.cfbundle; includeInIndex = 0; path = get_weather_appUITests.xctest; sourceTree = BUILT_PRODUCTS_DIR; };
		DEA23A492F389193003D3B63 /* LoginViewModel.swift */ = {isa = PBXFileReference; lastKnownFileType = sourcecode.swift; path = LoginViewModel.swift; sourceTree = "<group>"; };
		DEA23A4B2F389C84003D3B63 /* CityViewController.swift */ = {isa = PBXFileReference; lastKnownFileType = sourcecode.swift; path = CityViewController.swift; sourceTree = "<group>"; };
		DEA23A4D2F389C99003D3B63 /* CityViewModel.swift */ = {isa = PBXFileReference; lastKnownFileType = sourcecode.swift; path = CityViewModel.swift; sourceTree = "<group>"; };
		DEA23A502F389CD1003D3B63 /* WeatherViewModel.swift */ = {isa = PBXFileReference; lastKnownFileType = sourcecode.swift; path = WeatherViewModel.swift; sourceTree = "<group>"; };
		DEA23A522F389D37003D3B63 /* WeatherViewController.swift */ = {isa = PBXFileReference; lastKnownFileType = sourcecode.swift; path = WeatherViewController.swift; sourceTree = "<group>"; };
		DEA23A552F389D9C003D3B63 /* NetworkService.swift */ = {isa = PBXFileReference; lastKnownFileType = sourcecode.swift; path = NetworkService.swift; sourceTree = "<group>"; };
		DEA23A562F389DBF003D3B63 /* Weather.swift */ = {isa = PBXFileReference; lastKnownFileType = sourcecode.swift; path = Weather.swift; sourceTree = "<group>"; };
/* End PBXFileReference section */

/* Begin PBXFrameworksBuildPhase section */
		DE892E232F377F6400F12A5B /* Frameworks */ = {
			isa = PBXFrameworksBuildPhase;
			buildActionMask = 2147483647;
			files = (
				DE8784802F4AB66400E9D01F /* Alamofire in Frameworks */,
			);
			runOnlyForDeploymentPostprocessing = 0;
		};
		DE892E392F377F6700F12A5B /* Frameworks */ = {
			isa = PBXFrameworksBuildPhase;
			buildActionMask = 2147483647;
			files = (
			);
			runOnlyForDeploymentPostprocessing = 0;
		};
		DE892E432F377F6700F12A5B /* Frameworks */ = {
			isa = PBXFrameworksBuildPhase;
			buildActionMask = 2147483647;
			files = (
			);
			runOnlyForDeploymentPostprocessing = 0;
		};
/* End PBXFrameworksBuildPhase section */

/* Begin PBXGroup section */
		DE7EF9B02F727DDE00C7B64B /* Screens */ = {
			isa = PBXGroup;
			children = (
				DE7EF9BC2F727F3800C7B64B /* BaseScreen.swift */,
				DE7EF9BE2F727F4600C7B64B /* LoginScreen.swift */,
				DE7EF9C02F727F5200C7B64B /* CityScreen.swift */,
				DE7EF9C22F727F6A00C7B64B /* WeatherScreen.swift */,
			);
			path = Screens;
			sourceTree = "<group>";
		};
		DE7EF9B42F727DDE00C7B64B /* get_weather_appUITests */ = {
			isa = PBXGroup;
			children = (
				DE7EF9B02F727DDE00C7B64B /* Screens */,
				DE7EF9BB2F727DEB00C7B64B /* Tests */,
			);
			path = get_weather_appUITests;
			sourceTree = "<group>";
		};
		DE7EF9B92F727DE200C7B64B /* get_weather_appTests */ = {
			isa = PBXGroup;
			children = (
				DE7EF9B82F727DE200C7B64B /* get_weather_appTests.swift */,
			);
			path = get_weather_appTests;
			sourceTree = "<group>";
		};
		DE7EF9BB2F727DEB00C7B64B /* Tests */ = {
			isa = PBXGroup;
			children = (
				DE7EF9C42F728F4E00C7B64B /* BaseTest.swift */,
				DE7EF9B12F727DDE00C7B64B /* AuthTests.swift */,
				DE7EF9C82F72B18C00C7B64B /* GettingWeatherTests.swift */,
				DE7EF9C62F72B17C00C7B64B /* NavigationTests.swift */,
				DE7EF9B32F727DDE00C7B64B /* get_weather_appUITestsLaunchTests.swift */,
			);
			path = Tests;
			sourceTree = "<group>";
		};
		DE892E1D2F377F6400F12A5B = {
			isa = PBXGroup;
			children = (
				DEA23A542F389D8C003D3B63 /* Services */,
				DE892E5B2F37881300F12A5B /* Application */,
				DE892E5C2F37882D00F12A5B /* Screens */,
				DE892E5D2F37883F00F12A5B /* Models */,
				DE892E5E2F37884E00F12A5B /* Resources */,
				DE892E5F2F37886F00F12A5B /* Supporting Files */,
				DE7EF9B92F727DE200C7B64B /* get_weather_appTests */,
				DE7EF9B42F727DDE00C7B64B /* get_weather_appUITests */,
				DE892E272F377F6400F12A5B /* Products */,
			);
			sourceTree = "<group>";
		};
		DE892E272F377F6400F12A5B /* Products */ = {
			isa = PBXGroup;
			children = (
				DE892E262F377F6400F12A5B /* get_weather_app.app */,
				DE892E3C2F377F6700F12A5B /* get_weather_appTests.xctest */,
				DE892E462F377F6700F12A5B /* get_weather_appUITests.xctest */,
			);
			name = Products;
			sourceTree = "<group>";
		};
		DE892E5B2F37881300F12A5B /* Application */ = {
			isa = PBXGroup;
			children = (
				DE892E292F377F6400F12A5B /* AppDelegate.swift */,
				DE892E2B2F377F6400F12A5B /* SceneDelegate.swift */,
			);
			path = Application;
			sourceTree = "<group>";
		};
		DE892E5C2F37882D00F12A5B /* Screens */ = {
			isa = PBXGroup;
			children = (
				DE892E602F37891300F12A5B /* LoginScreen */,
				DE892E612F37892200F12A5B /* CitySelectionScreen */,
				DEA23A4F2F389CB1003D3B63 /* WeatherDetails */,
			);
			path = Screens;
			sourceTree = "<group>";
		};
		DE892E5D2F37883F00F12A5B /* Models */ = {
			isa = PBXGroup;
			children = (
				DEA23A562F389DBF003D3B63 /* Weather.swift */,
			);
			path = Models;
			sourceTree = "<group>";
		};
		DE892E5E2F37884E00F12A5B /* Resources */ = {
			isa = PBXGroup;
			children = (
				DE892E322F377F6700F12A5B /* Assets.xcassets */,
				DE892E342F377F6700F12A5B /* LaunchScreen.storyboard */,
				DE892E2F2F377F6400F12A5B /* Main.storyboard */,
			);
			path = Resources;
			sourceTree = "<group>";
		};
		DE892E5F2F37886F00F12A5B /* Supporting Files */ = {
			isa = PBXGroup;
			children = (
				DE892E372F377F6700F12A5B /* Info.plist */,
			);
			path = "Supporting Files";
			sourceTree = "<group>";
		};
		DE892E602F37891300F12A5B /* LoginScreen */ = {
			isa = PBXGroup;
			children = (
				DE892E2D2F377F6400F12A5B /* LoginViewController.swift */,
				DEA23A492F389193003D3B63 /* LoginViewModel.swift */,
			);
			path = LoginScreen;
			sourceTree = "<group>";
		};
		DE892E612F37892200F12A5B /* CitySelectionScreen */ = {
			isa = PBXGroup;
			children = (
				DEA23A4B2F389C84003D3B63 /* CityViewController.swift */,
				DEA23A4D2F389C99003D3B63 /* CityViewModel.swift */,
			);
			path = CitySelectionScreen;
			sourceTree = "<group>";
		};
		DEA23A4F2F389CB1003D3B63 /* WeatherDetails */ = {
			isa = PBXGroup;
			children = (
				DEA23A522F389D37003D3B63 /* WeatherViewController.swift */,
				DEA23A502F389CD1003D3B63 /* WeatherViewModel.swift */,
			);
			path = WeatherDetails;
			sourceTree = "<group>";
		};
		DEA23A542F389D8C003D3B63 /* Services */ = {
			isa = PBXGroup;
			children = (
				DE8238D22F5E87A70019BF4F /* LocationService.swift */,
				DEA23A552F389D9C003D3B63 /* NetworkService.swift */,
			);
			path = Services;
			sourceTree = "<group>";
		};
/* End PBXGroup section */

/* Begin PBXNativeTarget section */
		DE892E252F377F6400F12A5B /* get_weather_app */ = {
			isa = PBXNativeTarget;
			buildConfigurationList = DE892E4F2F377F6700F12A5B /* Build configuration list for PBXNativeTarget "get_weather_app" */;
			buildPhases = (
				DE892E222F377F6400F12A5B /* Sources */,
				DE892E232F377F6400F12A5B /* Frameworks */,
				DE892E242F377F6400F12A5B /* Resources */,
			);
			buildRules = (
			);
			dependencies = (
			);
			name = get_weather_app;
			packageProductDependencies = (
				DE87847F2F4AB66400E9D01F /* Alamofire */,
			);
			productName = get_weather_app;
			productReference = DE892E262F377F6400F12A5B /* get_weather_app.app */;
			productType = "com.apple.product-type.application";
		};
		DE892E3B2F377F6700F12A5B /* get_weather_appTests */ = {
			isa = PBXNativeTarget;
			buildConfigurationList = DE892E542F377F6700F12A5B /* Build configuration list for PBXNativeTarget "get_weather_appTests" */;
			buildPhases = (
				DE892E382F377F6700F12A5B /* Sources */,
				DE892E392F377F6700F12A5B /* Frameworks */,
				DE892E3A2F377F6700F12A5B /* Resources */,
			);
			buildRules = (
			);
			dependencies = (
				DE892E3E2F377F6700F12A5B /* PBXTargetDependency */,
			);
			name = get_weather_appTests;
			packageProductDependencies = (
			);
			productName = get_weather_appTests;
			productReference = DE892E3C2F377F6700F12A5B /* get_weather_appTests.xctest */;
			productType = "com.apple.product-type.bundle.unit-test";
		};
		DE892E452F377F6700F12A5B /* get_weather_appUITests */ = {
			isa = PBXNativeTarget;
			buildConfigurationList = DE892E572F377F6700F12A5B /* Build configuration list for PBXNativeTarget "get_weather_appUITests" */;
			buildPhases = (
				DE892E422F377F6700F12A5B /* Sources */,
				DE892E432F377F6700F12A5B /* Frameworks */,
				DE892E442F377F6700F12A5B /* Resources */,
			);
			buildRules = (
			);
			dependencies = (
				DE892E482F377F6700F12A5B /* PBXTargetDependency */,
			);
			name = get_weather_appUITests;
			packageProductDependencies = (
			);
			productName = get_weather_appUITests;
			productReference = DE892E462F377F6700F12A5B /* get_weather_appUITests.xctest */;
			productType = "com.apple.product-type.bundle.ui-testing";
		};
/* End PBXNativeTarget section */

/* Begin PBXProject section */
		DE892E1E2F377F6400F12A5B /* Project object */ = {
			isa = PBXProject;
			attributes = {
				BuildIndependentTargetsInParallel = 1;
				LastSwiftUpdateCheck = 2610;
				LastUpgradeCheck = 2610;
				TargetAttributes = {
					DE892E252F377F6400F12A5B = {
						CreatedOnToolsVersion = 26.1.1;
					};
					DE892E3B2F377F6700F12A5B = {
						CreatedOnToolsVersion = 26.1.1;
						TestTargetID = DE892E252F377F6400F12A5B;
					};
					DE892E452F377F6700F12A5B = {
						CreatedOnToolsVersion = 26.1.1;
						TestTargetID = DE892E252F377F6400F12A5B;
					};
				};
			};
			buildConfigurationList = DE892E212F377F6400F12A5B /* Build configuration list for PBXProject "get_weather_app" */;
			developmentRegion = en;
			hasScannedForEncodings = 0;
			knownRegions = (
				en,
				Base,
			);
			mainGroup = DE892E1D2F377F6400F12A5B;
			minimizedProjectReferenceProxies = 1;
			packageReferences = (
				DE87847E2F4AB66400E9D01F /* XCRemoteSwiftPackageReference "Alamofire" */,
			);
			preferredProjectObjectVersion = 77;
			productRefGroup = DE892E272F377F6400F12A5B /* Products */;
			projectDirPath = "";
			projectRoot = "";
			targets = (
				DE892E252F377F6400F12A5B /* get_weather_app */,
				DE892E3B2F377F6700F12A5B /* get_weather_appTests */,
				DE892E452F377F6700F12A5B /* get_weather_appUITests */,
			);
		};
/* End PBXProject section */

/* Begin PBXResourcesBuildPhase section */
		DE892E242F377F6400F12A5B /* Resources */ = {
			isa = PBXResourcesBuildPhase;
			buildActionMask = 2147483647;
			files = (
				DE892E362F377F6700F12A5B /* LaunchScreen.storyboard in Resources */,
				DE892E332F377F6700F12A5B /* Assets.xcassets in Resources */,
				DE892E312F377F6400F12A5B /* Main.storyboard in Resources */,
			);
			runOnlyForDeploymentPostprocessing = 0;
		};
		DE892E3A2F377F6700F12A5B /* Resources */ = {
			isa = PBXResourcesBuildPhase;
			buildActionMask = 2147483647;
			files = (
			);
			runOnlyForDeploymentPostprocessing = 0;
		};
		DE892E442F377F6700F12A5B /* Resources */ = {
			isa = PBXResourcesBuildPhase;
			buildActionMask = 2147483647;
			files = (
			);
			runOnlyForDeploymentPostprocessing = 0;
		};
/* End PBXResourcesBuildPhase section */

/* Begin PBXSourcesBuildPhase section */
		DE892E222F377F6400F12A5B /* Sources */ = {
			isa = PBXSourcesBuildPhase;
			buildActionMask = 2147483647;
			files = (
				DE892E2E2F377F6400F12A5B /* LoginViewController.swift in Sources */,
				DEA23A4E2F389CA3003D3B63 /* CityViewModel.swift in Sources */,
				DEA23A4C2F389C93003D3B63 /* CityViewController.swift in Sources */,
				DEA23A512F389CE5003D3B63 /* WeatherViewModel.swift in Sources */,
				DEB96CEF2F4CA9FC00A17122 /* Weather.swift in Sources */,
				DEB96CEE2F4CA2AE00A17122 /* NetworkService.swift in Sources */,
				DE8238D32F5E87AF0019BF4F /* LocationService.swift in Sources */,
				DE892E2A2F377F6400F12A5B /* AppDelegate.swift in Sources */,
				DEA23A532F389D54003D3B63 /* WeatherViewController.swift in Sources */,
				DE892E2C2F377F6400F12A5B /* SceneDelegate.swift in Sources */,
				DEA23A4A2F3891A7003D3B63 /* LoginViewModel.swift in Sources */,
			);
			runOnlyForDeploymentPostprocessing = 0;
		};
		DE892E382F377F6700F12A5B /* Sources */ = {
			isa = PBXSourcesBuildPhase;
			buildActionMask = 2147483647;
			files = (
				DE7EF9BA2F727DE200C7B64B /* get_weather_appTests.swift in Sources */,
			);
			runOnlyForDeploymentPostprocessing = 0;
		};
		DE892E422F377F6700F12A5B /* Sources */ = {
			isa = PBXSourcesBuildPhase;
			buildActionMask = 2147483647;
			files = (
				DE7EF9B52F727DDE00C7B64B /* AuthTests.swift in Sources */,
				DE7EF9C12F727F6300C7B64B /* CityScreen.swift in Sources */,
				DE7EF9C92F72B1FD00C7B64B /* GettingWeatherTests.swift in Sources */,
				DE7EF9BD2F727F3F00C7B64B /* BaseScreen.swift in Sources */,
				DE7EF9C72F72B18400C7B64B /* NavigationTests.swift in Sources */,
				DE7EF9B72F727DDE00C7B64B /* get_weather_appUITestsLaunchTests.swift in Sources */,
				DE7EF9BF2F727F4C00C7B64B /* LoginScreen.swift in Sources */,
				DE7EF9C52F728F5400C7B64B /* BaseTest.swift in Sources */,
				DE7EF9C32F727F7600C7B64B /* WeatherScreen.swift in Sources */,
			);
			runOnlyForDeploymentPostprocessing = 0;
		};
/* End PBXSourcesBuildPhase section */

/* Begin PBXTargetDependency section */
		DE892E3E2F377F6700F12A5B /* PBXTargetDependency */ = {
			isa = PBXTargetDependency;
			target = DE892E252F377F6400F12A5B /* get_weather_app */;
			targetProxy = DE892E3D2F377F6700F12A5B /* PBXContainerItemProxy */;
		};
		DE892E482F377F6700F12A5B /* PBXTargetDependency */ = {
			isa = PBXTargetDependency;
			target = DE892E252F377F6400F12A5B /* get_weather_app */;
			targetProxy = DE892E472F377F6700F12A5B /* PBXContainerItemProxy */;
		};
/* End PBXTargetDependency section */

/* Begin PBXVariantGroup section */
		DE892E2F2F377F6400F12A5B /* Main.storyboard */ = {
			isa = PBXVariantGroup;
			children = (
				DE892E302F377F6400F12A5B /* Base */,
			);
			name = Main.storyboard;
			sourceTree = "<group>";
		};
		DE892E342F377F6700F12A5B /* LaunchScreen.storyboard */ = {
			isa = PBXVariantGroup;
			children = (
				DE892E352F377F6700F12A5B /* Base */,
			);
			name = LaunchScreen.storyboard;
			sourceTree = "<group>";
		};
/* End PBXVariantGroup section */

/* Begin XCBuildConfiguration section */
		DE892E502F377F6700F12A5B /* Debug */ = {
			isa = XCBuildConfiguration;
			buildSettings = {
				ASSETCATALOG_COMPILER_APPICON_NAME = AppIcon;
				ASSETCATALOG_COMPILER_GLOBAL_ACCENT_COLOR_NAME = AccentColor;
				CODE_SIGN_STYLE = Automatic;
				CURRENT_PROJECT_VERSION = 1;
				GENERATE_INFOPLIST_FILE = YES;
				INFOPLIST_FILE = "Supporting Files/Info.plist";
				INFOPLIST_KEY_CFBundleDisplayName = Weather;
				INFOPLIST_KEY_LSApplicationCategoryType = "public.app-category.developer-tools";
				INFOPLIST_KEY_UIApplicationSupportsIndirectInputEvents = YES;
				INFOPLIST_KEY_UILaunchStoryboardName = LaunchScreen;
				INFOPLIST_KEY_UIMainStoryboardFile = Main;
				INFOPLIST_KEY_UISupportedInterfaceOrientations = UIInterfaceOrientationPortrait;
				INFOPLIST_KEY_UISupportedInterfaceOrientations_iPad = "UIInterfaceOrientationLandscapeLeft UIInterfaceOrientationLandscapeRight UIInterfaceOrientationPortrait UIInterfaceOrientationPortraitUpsideDown";
				IPHONEOS_DEPLOYMENT_TARGET = 17.6;
				LD_RUNPATH_SEARCH_PATHS = (
					"$(inherited)",
					"@executable_path/Frameworks",
				);
				MARKETING_VERSION = 1.0;
				PRODUCT_BUNDLE_IDENTIFIER = "com.albert.get-weather-app";
				PRODUCT_NAME = "$(TARGET_NAME)";
				STRING_CATALOG_GENERATE_SYMBOLS = YES;
				SUPPORTED_PLATFORMS = "iphoneos iphonesimulator";
				SUPPORTS_MACCATALYST = NO;
				SUPPORTS_MAC_DESIGNED_FOR_IPHONE_IPAD = NO;
				SUPPORTS_XR_DESIGNED_FOR_IPHONE_IPAD = NO;
				SWIFT_APPROACHABLE_CONCURRENCY = YES;
				SWIFT_DEFAULT_ACTOR_ISOLATION = MainActor;
				SWIFT_EMIT_LOC_STRINGS = YES;
				SWIFT_UPCOMING_FEATURE_MEMBER_IMPORT_VISIBILITY = YES;
				SWIFT_VERSION = 5.0;
				TARGETED_DEVICE_FAMILY = 1;
			};
			name = Debug;
		};
		DE892E512F377F6700F12A5B /* Release */ = {
			isa = XCBuildConfiguration;
			buildSettings = {
				ASSETCATALOG_COMPILER_APPICON_NAME = AppIcon;
				ASSETCATALOG_COMPILER_GLOBAL_ACCENT_COLOR_NAME = AccentColor;
				CODE_SIGN_STYLE = Automatic;
				CURRENT_PROJECT_VERSION = 1;
				GENERATE_INFOPLIST_FILE = YES;
				INFOPLIST_FILE = "Supporting Files/Info.plist";
				INFOPLIST_KEY_CFBundleDisplayName = Weather;
				INFOPLIST_KEY_LSApplicationCategoryType = "public.app-category.developer-tools";
				INFOPLIST_KEY_UIApplicationSupportsIndirectInputEvents = YES;
				INFOPLIST_KEY_UILaunchStoryboardName = LaunchScreen;
				INFOPLIST_KEY_UIMainStoryboardFile = Main;
				INFOPLIST_KEY_UISupportedInterfaceOrientations = UIInterfaceOrientationPortrait;
				INFOPLIST_KEY_UISupportedInterfaceOrientations_iPad = "UIInterfaceOrientationLandscapeLeft UIInterfaceOrientationLandscapeRight UIInterfaceOrientationPortrait UIInterfaceOrientationPortraitUpsideDown";
				IPHONEOS_DEPLOYMENT_TARGET = 17.6;
				LD_RUNPATH_SEARCH_PATHS = (
					"$(inherited)",
					"@executable_path/Frameworks",
				);
				MARKETING_VERSION = 1.0;
				PRODUCT_BUNDLE_IDENTIFIER = "com.albert.get-weather-app";
				PRODUCT_NAME = "$(TARGET_NAME)";
				STRING_CATALOG_GENERATE_SYMBOLS = YES;
				SUPPORTED_PLATFORMS = "iphoneos iphonesimulator";
				SUPPORTS_MACCATALYST = NO;
				SUPPORTS_MAC_DESIGNED_FOR_IPHONE_IPAD = NO;
				SUPPORTS_XR_DESIGNED_FOR_IPHONE_IPAD = NO;
				SWIFT_APPROACHABLE_CONCURRENCY = YES;
				SWIFT_DEFAULT_ACTOR_ISOLATION = MainActor;
				SWIFT_EMIT_LOC_STRINGS = YES;
				SWIFT_UPCOMING_FEATURE_MEMBER_IMPORT_VISIBILITY = YES;
				SWIFT_VERSION = 5.0;
				TARGETED_DEVICE_FAMILY = 1;
			};
			name = Release;
		};
		DE892E522F377F6700F12A5B /* Debug */ = {
			isa = XCBuildConfiguration;
			buildSettings = {
				ALWAYS_SEARCH_USER_PATHS = NO;
				ASSETCATALOG_COMPILER_GENERATE_SWIFT_ASSET_SYMBOL_EXTENSIONS = YES;
				CLANG_ANALYZER_NONNULL = YES;
				CLANG_ANALYZER_NUMBER_OBJECT_CONVERSION = YES_AGGRESSIVE;
				CLANG_CXX_LANGUAGE_STANDARD = "gnu++20";
				CLANG_ENABLE_MODULES = YES;
				CLANG_ENABLE_OBJC_ARC = YES;
				CLANG_ENABLE_OBJC_WEAK = YES;
				CLANG_WARN_BLOCK_CAPTURE_AUTORELEASING = YES;
				CLANG_WARN_BOOL_CONVERSION = YES;
				CLANG_WARN_COMMA = YES;
				CLANG_WARN_CONSTANT_CONVERSION = YES;
				CLANG_WARN_DEPRECATED_OBJC_IMPLEMENTATIONS = YES;
				CLANG_WARN_DIRECT_OBJC_ISA_USAGE = YES_ERROR;
				CLANG_WARN_DOCUMENTATION_COMMENTS = YES;
				CLANG_WARN_EMPTY_BODY = YES;
				CLANG_WARN_ENUM_CONVERSION = YES;
				CLANG_WARN_INFINITE_RECURSION = YES;
				CLANG_WARN_INT_CONVERSION = YES;
				CLANG_WARN_NON_LITERAL_NULL_CONVERSION = YES;
				CLANG_WARN_OBJC_IMPLICIT_RETAIN_SELF = YES;
				CLANG_WARN_OBJC_LITERAL_CONVERSION = YES;
				CLANG_WARN_OBJC_ROOT_CLASS = YES_ERROR;
				CLANG_WARN_QUOTED_INCLUDE_IN_FRAMEWORK_HEADER = YES;
				CLANG_WARN_RANGE_LOOP_ANALYSIS = YES;
				CLANG_WARN_STRICT_PROTOTYPES = YES;
				CLANG_WARN_SUSPICIOUS_MOVE = YES;
				CLANG_WARN_UNGUARDED_AVAILABILITY = YES_AGGRESSIVE;
				CLANG_WARN_UNREACHABLE_CODE = YES;
				CLANG_WARN__DUPLICATE_METHOD_MATCH = YES;
				COPY_PHASE_STRIP = NO;
				DEBUG_INFORMATION_FORMAT = dwarf;
				ENABLE_STRICT_OBJC_MSGSEND = YES;
				ENABLE_TESTABILITY = YES;
				ENABLE_USER_SCRIPT_SANDBOXING = YES;
				GCC_C_LANGUAGE_STANDARD = gnu17;
				GCC_DYNAMIC_NO_PIC = NO;
				GCC_NO_COMMON_BLOCKS = YES;
				GCC_OPTIMIZATION_LEVEL = 0;
				GCC_PREPROCESSOR_DEFINITIONS = (
					"DEBUG=1",
					"$(inherited)",
				);
				GCC_WARN_64_TO_32_BIT_CONVERSION = YES;
				GCC_WARN_ABOUT_RETURN_TYPE = YES_ERROR;
				GCC_WARN_UNDECLARED_SELECTOR = YES;
				GCC_WARN_UNINITIALIZED_AUTOS = YES_AGGRESSIVE;
				GCC_WARN_UNUSED_FUNCTION = YES;
				GCC_WARN_UNUSED_VARIABLE = YES;
				IPHONEOS_DEPLOYMENT_TARGET = 26.1;
				LOCALIZATION_PREFERS_STRING_CATALOGS = YES;
				MTL_ENABLE_DEBUG_INFO = INCLUDE_SOURCE;
				MTL_FAST_MATH = YES;
				ONLY_ACTIVE_ARCH = YES;
				SDKROOT = iphoneos;
				SWIFT_ACTIVE_COMPILATION_CONDITIONS = "DEBUG $(inherited)";
				SWIFT_OPTIMIZATION_LEVEL = "-Onone";
			};
			name = Debug;
		};
		DE892E532F377F6700F12A5B /* Release */ = {
			isa = XCBuildConfiguration;
			buildSettings = {
				ALWAYS_SEARCH_USER_PATHS = NO;
				ASSETCATALOG_COMPILER_GENERATE_SWIFT_ASSET_SYMBOL_EXTENSIONS = YES;
				CLANG_ANALYZER_NONNULL = YES;
				CLANG_ANALYZER_NUMBER_OBJECT_CONVERSION = YES_AGGRESSIVE;
				CLANG_CXX_LANGUAGE_STANDARD = "gnu++20";
				CLANG_ENABLE_MODULES = YES;
				CLANG_ENABLE_OBJC_ARC = YES;
				CLANG_ENABLE_OBJC_WEAK = YES;
				CLANG_WARN_BLOCK_CAPTURE_AUTORELEASING = YES;
				CLANG_WARN_BOOL_CONVERSION = YES;
				CLANG_WARN_COMMA = YES;
				CLANG_WARN_CONSTANT_CONVERSION = YES;
				CLANG_WARN_DEPRECATED_OBJC_IMPLEMENTATIONS = YES;
				CLANG_WARN_DIRECT_OBJC_ISA_USAGE = YES_ERROR;
				CLANG_WARN_DOCUMENTATION_COMMENTS = YES;
				CLANG_WARN_EMPTY_BODY = YES;
				CLANG_WARN_ENUM_CONVERSION = YES;
				CLANG_WARN_INFINITE_RECURSION = YES;
				CLANG_WARN_INT_CONVERSION = YES;
				CLANG_WARN_NON_LITERAL_NULL_CONVERSION = YES;
				CLANG_WARN_OBJC_IMPLICIT_RETAIN_SELF = YES;
				CLANG_WARN_OBJC_LITERAL_CONVERSION = YES;
				CLANG_WARN_OBJC_ROOT_CLASS = YES_ERROR;
				CLANG_WARN_QUOTED_INCLUDE_IN_FRAMEWORK_HEADER = YES;
				CLANG_WARN_RANGE_LOOP_ANALYSIS = YES;
				CLANG_WARN_STRICT_PROTOTYPES = YES;
				CLANG_WARN_SUSPICIOUS_MOVE = YES;
				CLANG_WARN_UNGUARDED_AVAILABILITY = YES_AGGRESSIVE;
				CLANG_WARN_UNREACHABLE_CODE = YES;
				CLANG_WARN__DUPLICATE_METHOD_MATCH = YES;
				COPY_PHASE_STRIP = NO;
				DEBUG_INFORMATION_FORMAT = "dwarf-with-dsym";
				ENABLE_NS_ASSERTIONS = NO;
				ENABLE_STRICT_OBJC_MSGSEND = YES;
				ENABLE_USER_SCRIPT_SANDBOXING = YES;
				GCC_C_LANGUAGE_STANDARD = gnu17;
				GCC_NO_COMMON_BLOCKS = YES;
				GCC_WARN_64_TO_32_BIT_CONVERSION = YES;
				GCC_WARN_ABOUT_RETURN_TYPE = YES_ERROR;
				GCC_WARN_UNDECLARED_SELECTOR = YES;
				GCC_WARN_UNINITIALIZED_AUTOS = YES_AGGRESSIVE;
				GCC_WARN_UNUSED_FUNCTION = YES;
				GCC_WARN_UNUSED_VARIABLE = YES;
				IPHONEOS_DEPLOYMENT_TARGET = 26.1;
				LOCALIZATION_PREFERS_STRING_CATALOGS = YES;
				MTL_ENABLE_DEBUG_INFO = NO;
				MTL_FAST_MATH = YES;
				SDKROOT = iphoneos;
				SWIFT_COMPILATION_MODE = wholemodule;
				VALIDATE_PRODUCT = YES;
			};
			name = Release;
		};
		DE892E552F377F6700F12A5B /* Debug */ = {
			isa = XCBuildConfiguration;
			buildSettings = {
				BUNDLE_LOADER = "$(TEST_HOST)";
				CODE_SIGN_STYLE = Automatic;
				CURRENT_PROJECT_VERSION = 1;
				GENERATE_INFOPLIST_FILE = YES;
				IPHONEOS_DEPLOYMENT_TARGET = 26.1;
				MARKETING_VERSION = 1.0;
				PRODUCT_BUNDLE_IDENTIFIER = "com.albert.get-weather-appTests";
				PRODUCT_NAME = "$(TARGET_NAME)";
				STRING_CATALOG_GENERATE_SYMBOLS = NO;
				SWIFT_APPROACHABLE_CONCURRENCY = YES;
				SWIFT_EMIT_LOC_STRINGS = NO;
				SWIFT_UPCOMING_FEATURE_MEMBER_IMPORT_VISIBILITY = YES;
				SWIFT_VERSION = 5.0;
				TARGETED_DEVICE_FAMILY = "1,2";
				TEST_HOST = "$(BUILT_PRODUCTS_DIR)/get_weather_app.app/$(BUNDLE_EXECUTABLE_FOLDER_PATH)/get_weather_app";
			};
			name = Debug;
		};
		DE892E562F377F6700F12A5B /* Release */ = {
			isa = XCBuildConfiguration;
			buildSettings = {
				BUNDLE_LOADER = "$(TEST_HOST)";
				CODE_SIGN_STYLE = Automatic;
				CURRENT_PROJECT_VERSION = 1;
				GENERATE_INFOPLIST_FILE = YES;
				IPHONEOS_DEPLOYMENT_TARGET = 26.1;
				MARKETING_VERSION = 1.0;
				PRODUCT_BUNDLE_IDENTIFIER = "com.albert.get-weather-appTests";
				PRODUCT_NAME = "$(TARGET_NAME)";
				STRING_CATALOG_GENERATE_SYMBOLS = NO;
				SWIFT_APPROACHABLE_CONCURRENCY = YES;
				SWIFT_EMIT_LOC_STRINGS = NO;
				SWIFT_UPCOMING_FEATURE_MEMBER_IMPORT_VISIBILITY = YES;
				SWIFT_VERSION = 5.0;
				TARGETED_DEVICE_FAMILY = "1,2";
				TEST_HOST = "$(BUILT_PRODUCTS_DIR)/get_weather_app.app/$(BUNDLE_EXECUTABLE_FOLDER_PATH)/get_weather_app";
			};
			name = Release;
		};
		DE892E582F377F6700F12A5B /* Debug */ = {
			isa = XCBuildConfiguration;
			buildSettings = {
				CODE_SIGN_STYLE = Automatic;
				CURRENT_PROJECT_VERSION = 1;
				GENERATE_INFOPLIST_FILE = YES;
				MARKETING_VERSION = 1.0;
				PRODUCT_BUNDLE_IDENTIFIER = "com.albert.get-weather-appUITests";
				PRODUCT_NAME = "$(TARGET_NAME)";
				STRING_CATALOG_GENERATE_SYMBOLS = NO;
				SWIFT_APPROACHABLE_CONCURRENCY = YES;
				SWIFT_EMIT_LOC_STRINGS = NO;
				SWIFT_UPCOMING_FEATURE_MEMBER_IMPORT_VISIBILITY = YES;
				SWIFT_VERSION = 5.0;
				TARGETED_DEVICE_FAMILY = "1,2";
				TEST_TARGET_NAME = get_weather_app;
			};
			name = Debug;
		};
		DE892E592F377F6700F12A5B /* Release */ = {
			isa = XCBuildConfiguration;
			buildSettings = {
				CODE_SIGN_STYLE = Automatic;
				CURRENT_PROJECT_VERSION = 1;
				GENERATE_INFOPLIST_FILE = YES;
				MARKETING_VERSION = 1.0;
				PRODUCT_BUNDLE_IDENTIFIER = "com.albert.get-weather-appUITests";
				PRODUCT_NAME = "$(TARGET_NAME)";
				STRING_CATALOG_GENERATE_SYMBOLS = NO;
				SWIFT_APPROACHABLE_CONCURRENCY = YES;
				SWIFT_EMIT_LOC_STRINGS = NO;
				SWIFT_UPCOMING_FEATURE_MEMBER_IMPORT_VISIBILITY = YES;
				SWIFT_VERSION = 5.0;
				TARGETED_DEVICE_FAMILY = "1,2";
				TEST_TARGET_NAME = get_weather_app;
			};
			name = Release;
		};
/* End XCBuildConfiguration section */

/* Begin XCConfigurationList section */
		DE892E212F377F6400F12A5B /* Build configuration list for PBXProject "get_weather_app" */ = {
			isa = XCConfigurationList;
			buildConfigurations = (
				DE892E522F377F6700F12A5B /* Debug */,
				DE892E532F377F6700F12A5B /* Release */,
			);
			defaultConfigurationIsVisible = 0;
			defaultConfigurationName = Release;
		};
		DE892E4F2F377F6700F12A5B /* Build configuration list for PBXNativeTarget "get_weather_app" */ = {
			isa = XCConfigurationList;
			buildConfigurations = (
				DE892E502F377F6700F12A5B /* Debug */,
				DE892E512F377F6700F12A5B /* Release */,
			);
			defaultConfigurationIsVisible = 0;
			defaultConfigurationName = Release;
		};
		DE892E542F377F6700F12A5B /* Build configuration list for PBXNativeTarget "get_weather_appTests" */ = {
			isa = XCConfigurationList;
			buildConfigurations = (
				DE892E552F377F6700F12A5B /* Debug */,
				DE892E562F377F6700F12A5B /* Release */,
			);
			defaultConfigurationIsVisible = 0;
			defaultConfigurationName = Release;
		};
		DE892E572F377F6700F12A5B /* Build configuration list for PBXNativeTarget "get_weather_appUITests" */ = {
			isa = XCConfigurationList;
			buildConfigurations = (
				DE892E582F377F6700F12A5B /* Debug */,
				DE892E592F377F6700F12A5B /* Release */,
			);
			defaultConfigurationIsVisible = 0;
			defaultConfigurationName = Release;
		};
/* End XCConfigurationList section */

/* Begin XCRemoteSwiftPackageReference section */
		DE87847E2F4AB66400E9D01F /* XCRemoteSwiftPackageReference "Alamofire" */ = {
			isa = XCRemoteSwiftPackageReference;
			repositoryURL = "https://github.com/Alamofire/Alamofire";
			requirement = {
				kind = upToNextMajorVersion;
				minimumVersion = 5.11.1;
			};
		};
/* End XCRemoteSwiftPackageReference section */

/* Begin XCSwiftPackageProductDependency section */
		DE87847F2F4AB66400E9D01F /* Alamofire */ = {
			isa = XCSwiftPackageProductDependency;
			package = DE87847E2F4AB66400E9D01F /* XCRemoteSwiftPackageReference "Alamofire" */;
			productName = Alamofire;
		};
/* End XCSwiftPackageProductDependency section */
	};
	rootObject = DE892E1E2F377F6400F12A5B /* Project object */;
}
