// !$*UTF8*$!
{
	archiveVersion = 1;
	classes = {
	};
	objectVersion = 77;
	objects = {

/* Begin PBXBuildFile section */
		DE892E2A2F377F6400F12A5B /* AppDelegate.swift in Sources */ = {isa = PBXBuildFile; fileRef = DE892E292F377F6400F12A5B /* AppDelegate.swift */; };
		DE892E2C2F377F6400F12A5B /* SceneDelegate.swift in Sources */ = {isa = PBXBuildFile; fileRef = DE892E2B2F377F6400F12A5B /* SceneDelegate.swift */; };
		DE892E2E2F377F6400F12A5B /* ViewController.swift in Sources */ = {isa = PBXBuildFile; fileRef = DE892E2D2F377F6400F12A5B /* ViewController.swift */; };
		DE892E312F377F6400F12A5B /* Main.storyboard in Resources */ = {isa = PBXBuildFile; fileRef = DE892E2F2F377F6400F12A5B /* Main.storyboard */; };
		DE892E332F377F6700F12A5B /* Assets.xcassets in Resources */ = {isa = PBXBuildFile; fileRef = DE892E322F377F6700F12A5B /* Assets.xcassets */; };
		DE892E362F377F6700F12A5B /* LaunchScreen.storyboard in Resources */ = {isa = PBXBuildFile; fileRef = DE892E342F377F6700F12A5B /* LaunchScreen.storyboard */; };
/* End PBXBuildFile section */

/* Begin PBXContainerItemProxy section */
		DE892E3D2F377F6700F12A5B /* PBXContainerItemProxy */ = {
			isa = PBXContainerItemProxy;
			containerPortal = DE892E1E2F377F6400F12A5B /* Project object */;
			proxyType = 1;
			remoteGlobalIDString = DE892E252F377F6400F12A5B;
			remoteInfo = get_weather_app;
		};
		DE892E472F377F6700F12A5B /* PBXContainerItemProxy */ = {
			isa = PBXContainerItemProxy;
			containerPortal = DE892E1E2F377F6400F12A5B /* Project object */;
			proxyType = 1;
			remoteGlobalIDString = DE892E252F377F6400F12A5B;
			remoteInfo = get_weather_app;
		};
/* End PBXContainerItemProxy section */

/* Begin PBXFileReference section */
		DE892E262F377F6400F12A5B /* get_weather_app.app */ = {isa = PBXFileReference; explicitFileType = wrapper.application; includeInIndex = 0; path = get_weather_app.app; sourceTree = BUILT_PRODUCTS_DIR; };
		DE892E292F377F6400F12A5B /* AppDelegate.swift */ = {isa = PBXFileReference; lastKnownFileType = sourcecode.swift; path = AppDelegate.swift; sourceTree = "<group>"; };
		DE892E2B2F377F6400F12A5B /* SceneDelegate.swift */ = {isa = PBXFileReference; lastKnownFileType = sourcecode.swift; path = SceneDelegate.swift; sourceTree = "<group>"; };
		DE892E2D2F377F6400F12A5B /* ViewController.swift */ = {isa = PBXFileReference; lastKnownFileType = sourcecode.swift; path = ViewController.swift; sourceTree = "<group>"; };
		DE892E302F377F6400F12A5B /* Base */ = {isa = PBXFileReference; lastKnownFileType = file.storyboard; name = Base; path = Base.lproj/Main.storyboard; sourceTree = "<group>"; };
		DE892E322F377F6700F12A5B /* Assets.xcassets */ = {isa = PBXFileReference; lastKnownFileType = folder.assetcatalog; path = Assets.xcassets; sourceTree = "<group>"; };
		DE892E352F377F6700F12A5B /* Base */ = {isa = PBXFileReference; lastKnownFileType = file.storyboard; name = Base; path = Base.lproj/LaunchScreen.storyboard; sourceTree = "<group>"; };
		DE892E372F377F6700F12A5B /* Info.plist */ = {isa = PBXFileReference; lastKnownFileType = text.plist.xml; path = Info.plist; sourceTree = "<group>"; };
		DE892E3C2F377F6700F12A5B /* get_weather_appTests.xctest */ = {isa = PBXFileReference; explicitFileType = wrapper.cfbundle; includeInIndex = 0; path = get_weather_appTests.xctest; sourceTree = BUILT_PRODUCTS_DIR; };
		DE892E462F377F6700F12A5B /* get_weather_appUITests.xctest */ = {isa = PBXFileReference; explicitFileType = wrapper.cfbundle; includeInIndex = 0; path = get_weather_appUITests.xctest; sourceTree = BUILT_PRODUCTS_DIR; };
/* End PBXFileReference section */

/* Begin PBXFileSystemSynchronizedRootGroup section */
		DE892E3F2F377F6700F12A5B /* get_weather_appTests */ = {
			isa = PBXFileSystemSynchronizedRootGroup;
			path = get_weather_appTests;
			sourceTree = "<group>";
		};
		DE892E492F377F6700F12A5B /* get_weather_appUITests */ = {
			isa = PBXFileSystemSynchronizedRootGroup;
			path = get_weather_appUITests;
			sourceTree = "<group>";
		};
/* End PBXFileSystemSynchronizedRootGroup section */

/* Begin PBXFrameworksBuildPhase section */
		DE892E232F377F6400F12A5B /* Frameworks */ = {
			isa = PBXFrameworksBuildPhase;
			buildActionMask = 2147483647;
			files = (
			);
			runOnlyForDeploymentPostprocessing = 0;
		};
		DE892E392F377F6700F12A5B /* Frameworks */ = {
			isa = PBXFrameworksBuildPhase;
			buildActionMask = 2147483647;
			files = (
			);
			runOnlyForDeploymentPostprocessing = 0;
		};
		DE892E432F377F6700F12A5B /* Frameworks */ = {
			isa = PBXFrameworksBuildPhase;
			buildActionMask = 2147483647;
			files = (
			);
			runOnlyForDeploymentPostprocessing = 0;
		};
/* End PBXFrameworksBuildPhase section */

/* Begin PBXGroup section */
		DE892E1D2F377F6400F12A5B = {
			isa = PBXGroup;
			children = (
				DE892E5B2F37881300F12A5B /* Application */,
				DE892E5C2F37882D00F12A5B /* Screens */,
				DE892E5D2F37883F00F12A5B /* Models */,
				DE892E5E2F37884E00F12A5B /* Resources */,
				DE892E5F2F37886F00F12A5B /* Supporting Files */,
				DE892E3F2F377F6700F12A5B /* get_weather_appTests */,
				DE892E492F377F6700F12A5B /* get_weather_appUITests */,
				DE892E272F377F6400F12A5B /* Products */,
			);
			sourceTree = "<group>";
		};
		DE892E272F377F6400F12A5B /* Products */ = {
			isa = PBXGroup;
			children = (
				DE892E262F377F6400F12A5B /* get_weather_app.app */,
				DE892E3C2F377F6700F12A5B /* get_weather_appTests.xctest */,
				DE892E462F377F6700F12A5B /* get_weather_appUITests.xctest */,
			);
			name = Products;
			sourceTree = "<group>";
		};
		DE892E5B2F37881300F12A5B /* Application */ = {
			isa = PBXGroup;
			children = (
				DE892E292F377F6400F12A5B /* AppDelegate.swift */,
				DE892E2B2F377F6400F12A5B /* SceneDelegate.swift */,
			);
			path = Application;
			sourceTree = "<group>";
		};
		DE892E5C2F37882D00F12A5B /* Screens */ = {
			isa = PBXGroup;
			children = (
				DE892E612F37892200F12A5B /* MainScreen */,
				DE892E602F37891300F12A5B /* LoginScreen */,
			);
			path = Screens;
			sourceTree = "<group>";
		};
		DE892E5D2F37883F00F12A5B /* Models */ = {
			isa = PBXGroup;
			children = (
			);
			path = Models;
			sourceTree = "<group>";
		};
		DE892E5E2F37884E00F12A5B /* Resources */ = {
			isa = PBXGroup;
			children = (
				DE892E322F377F6700F12A5B /* Assets.xcassets */,
				DE892E342F377F6700F12A5B /* LaunchScreen.storyboard */,
				DE892E2F2F377F6400F12A5B /* Main.storyboard */,
			);
			path = Resources;
			sourceTree = "<group>";
		};
		DE892E5F2F37886F00F12A5B /* Supporting Files */ = {
			isa = PBXGroup;
			children = (
				DE892E372F377F6700F12A5B /* Info.plist */,
			);
			path = "Supporting Files";
			sourceTree = "<group>";
		};
		DE892E602F37891300F12A5B /* LoginScreen */ = {
			isa = PBXGroup;
			children = (
			);
			path = LoginScreen;
			sourceTree = "<group>";
		};
		DE892E612F37892200F12A5B /* MainScreen */ = {
			isa = PBXGroup;
			children = (
				DE892E2D2F377F6400F12A5B /* ViewController.swift */,
			);
			path = MainScreen;
			sourceTree = "<group>";
		};
/* End PBXGroup section */

/* Begin PBXNativeTarget section */
		DE892E252F377F6400F12A5B /* get_weather_app */ = {
			isa = PBXNativeTarget;
			buildConfigurationList = DE892E4F2F377F6700F12A5B /* Build configuration list for PBXNativeTarget "get_weather_app" */;
			buildPhases = (
				DE892E222F377F6400F12A5B /* Sources */,
				DE892E232F377F6400F12A5B /* Frameworks */,
				DE892E242F377F6400F12A5B /* Resources */,
			);
			buildRules = (
			);
			dependencies = (
			);
			name = get_weather_app;
			packageProductDependencies = (
			);
			productName = get_weather_app;
			productReference = DE892E262F377F6400F12A5B /* get_weather_app.app */;
			productType = "com.apple.product-type.application";
		};
		DE892E3B2F377F6700F12A5B /* get_weather_appTests */ = {
			isa = PBXNativeTarget;
			buildConfigurationList = DE892E542F377F6700F12A5B /* Build configuration list for PBXNativeTarget "get_weather_appTests" */;
			buildPhases = (
				DE892E382F377F6700F12A5B /* Sources */,
				DE892E392F377F6700F12A5B /* Frameworks */,
				DE892E3A2F377F6700F12A5B /* Resources */,
			);
			buildRules = (
			);
			dependencies = (
				DE892E3E2F377F6700F12A5B /* PBXTargetDependency */,
			);
			fileSystemSynchronizedGroups = (
				DE892E3F2F377F6700F12A5B /* get_weather_appTests */,
			);
			name = get_weather_appTests;
			packageProductDependencies = (
			);
			productName = get_weather_appTests;
			productReference = DE892E3C2F377F6700F12A5B /* get_weather_appTests.xctest */;
			productType = "com.apple.product-type.bundle.unit-test";
		};
		DE892E452F377F6700F12A5B /* get_weather_appUITests */ = {
			isa = PBXNativeTarget;
			buildConfigurationList = DE892E572F377F6700F12A5B /* Build configuration list for PBXNativeTarget "get_weather_appUITests" */;
			buildPhases = (
				DE892E422F377F6700F12A5B /* Sources */,
				DE892E432F377F6700F12A5B /* Frameworks */,
				DE892E442F377F6700F12A5B /* Resources */,
			);
			buildRules = (
			);
			dependencies = (
				DE892E482F377F6700F12A5B /* PBXTargetDependency */,
			);
			fileSystemSynchronizedGroups = (
				DE892E492F377F6700F12A5B /* get_weather_appUITests */,
			);
			name = get_weather_appUITests;
			packageProductDependencies = (
			);
			productName = get_weather_appUITests;
			productReference = DE892E462F377F6700F12A5B /* get_weather_appUITests.xctest */;
			productType = "com.apple.product-type.bundle.ui-testing";
		};
/* End PBXNativeTarget section */

/* Begin PBXProject section */
		DE892E1E2F377F6400F12A5B /* Project object */ = {
			isa = PBXProject;
			attributes = {
				BuildIndependentTargetsInParallel = 1;
				LastSwiftUpdateCheck = 2610;
				LastUpgradeCheck = 2610;
				TargetAttributes = {
					DE892E252F377F6400F12A5B = {
						CreatedOnToolsVersion = 26.1.1;
					};
					DE892E3B2F377F6700F12A5B = {
						CreatedOnToolsVersion = 26.1.1;
						TestTargetID = DE892E252F377F6400F12A5B;
					};
					DE892E452F377F6700F12A5B = {
						CreatedOnToolsVersion = 26.1.1;
						TestTargetID = DE892E252F377F6400F12A5B;
					};
				};
			};
			buildConfigurationList = DE892E212F377F6400F12A5B /* Build configuration list for PBXProject "get_weather_app" */;
			developmentRegion = en;
			hasScannedForEncodings = 0;
			knownRegions = (
				en,
				Base,
			);
			mainGroup = DE892E1D2F377F6400F12A5B;
			minimizedProjectReferenceProxies = 1;
			preferredProjectObjectVersion = 77;
			productRefGroup = DE892E272F377F6400F12A5B /* Products */;
			projectDirPath = "";
			projectRoot = "";
			targets = (
				DE892E252F377F6400F12A5B /* get_weather_app */,
				DE892E3B2F377F6700F12A5B /* get_weather_appTests */,
				DE892E452F377F6700F12A5B /* get_weather_appUITests */,
			);
		};
/* End PBXProject section */

/* Begin PBXResourcesBuildPhase section */
		DE892E242F377F6400F12A5B /* Resources */ = {
			isa = PBXResourcesBuildPhase;
			buildActionMask = 2147483647;
			files = (
				DE892E362F377F6700F12A5B /* LaunchScreen.storyboard in Resources */,
				DE892E332F377F6700F12A5B /* Assets.xcassets in Resources */,
				DE892E312F377F6400F12A5B /* Main.storyboard in Resources */,
			);
			runOnlyForDeploymentPostprocessing = 0;
		};
		DE892E3A2F377F6700F12A5B /* Resources */ = {
			isa = PBXResourcesBuildPhase;
			buildActionMask = 2147483647;
			files = (
			);
			runOnlyForDeploymentPostprocessing = 0;
		};
		DE892E442F377F6700F12A5B /* Resources */ = {
			isa = PBXResourcesBuildPhase;
			buildActionMask = 2147483647;
			files = (
			);
			runOnlyForDeploymentPostprocessing = 0;
		};
/* End PBXResourcesBuildPhase section */

/* Begin PBXSourcesBuildPhase section */
		DE892E222F377F6400F12A5B /* Sources */ = {
			isa = PBXSourcesBuildPhase;
			buildActionMask = 2147483647;
			files = (
				DE892E2E2F377F6400F12A5B /* ViewController.swift in Sources */,
				DE892E2A2F377F6400F12A5B /* AppDelegate.swift in Sources */,
				DE892E2C2F377F6400F12A5B /* SceneDelegate.swift in Sources */,
			);
			runOnlyForDeploymentPostprocessing = 0;
		};
		DE892E382F377F6700F12A5B /* Sources */ = {
			isa = PBXSourcesBuildPhase;
			buildActionMask = 2147483647;
			files = (
			);
			runOnlyForDeploymentPostprocessing = 0;
		};
		DE892E422F377F6700F12A5B /* Sources */ = {
			isa = PBXSourcesBuildPhase;
			buildActionMask = 2147483647;
			files = (
			);
			runOnlyForDeploymentPostprocessing = 0;
		};
/* End PBXSourcesBuildPhase section */

/* Begin PBXTargetDependency section */
		DE892E3E2F377F6700F12A5B /* PBXTargetDependency */ = {
			isa = PBXTargetDependency;
			target = DE892E252F377F6400F12A5B /* get_weather_app */;
			targetProxy = DE892E3D2F377F6700F12A5B /* PBXContainerItemProxy */;
		};
		DE892E482F377F6700F12A5B /* PBXTargetDependency */ = {
			isa = PBXTargetDependency;
			target = DE892E252F377F6400F12A5B /* get_weather_app */;
			targetProxy = DE892E472F377F6700F12A5B /* PBXContainerItemProxy */;
		};
/* End PBXTargetDependency section */

/* Begin PBXVariantGroup section */
		DE892E2F2F377F6400F12A5B /* Main.storyboard */ = {
			isa = PBXVariantGroup;
			children = (
				DE892E302F377F6400F12A5B /* Base */,
			);
			name = Main.storyboard;
			sourceTree = "<group>";
		};
		DE892E342F377F6700F12A5B /* LaunchScreen.storyboard */ = {
			isa = PBXVariantGroup;
			children = (
				DE892E352F377F6700F12A5B /* Base */,
			);
			name = LaunchScreen.storyboard;
			sourceTree = "<group>";
		};
/* End PBXVariantGroup section */

/* Begin XCBuildConfiguration section */
		DE892E502F377F6700F12A5B /* Debug */ = {
			isa = XCBuildConfiguration;
			buildSettings = {
				ASSETCATALOG_COMPILER_APPICON_NAME = AppIcon;
				ASSETCATALOG_COMPILER_GLOBAL_ACCENT_COLOR_NAME = AccentColor;
				CODE_SIGN_STYLE = Automatic;
				CURRENT_PROJECT_VERSION = 1;
				GENERATE_INFOPLIST_FILE = YES;
				INFOPLIST_FILE = get_weather_app/Info.plist;
				INFOPLIST_KEY_CFBundleDisplayName = Weather;
				INFOPLIST_KEY_LSApplicationCategoryType = "public.app-category.developer-tools";
				INFOPLIST_KEY_UIApplicationSupportsIndirectInputEvents = YES;
				INFOPLIST_KEY_UILaunchStoryboardName = LaunchScreen;
				INFOPLIST_KEY_UIMainStoryboardFile = Main;
				INFOPLIST_KEY_UISupportedInterfaceOrientations = UIInterfaceOrientationPortrait;
				INFOPLIST_KEY_UISupportedInterfaceOrientations_iPad = "UIInterfaceOrientationLandscapeLeft UIInterfaceOrientationLandscapeRight UIInterfaceOrientationPortrait UIInterfaceOrientationPortraitUpsideDown";
				IPHONEOS_DEPLOYMENT_TARGET = 15.6;
				LD_RUNPATH_SEARCH_PATHS = (
					"$(inherited)",
					"@executable_path/Frameworks",
				);
				MARKETING_VERSION = 1.0;
				PRODUCT_BUNDLE_IDENTIFIER = "com.albert.get-weather-app";
				PRODUCT_NAME = "$(TARGET_NAME)";
				STRING_CATALOG_GENERATE_SYMBOLS = YES;
				SUPPORTED_PLATFORMS = "iphoneos iphonesimulator";
				SUPPORTS_MACCATALYST = NO;
				SUPPORTS_MAC_DESIGNED_FOR_IPHONE_IPAD = NO;
				SUPPORTS_XR_DESIGNED_FOR_IPHONE_IPAD = NO;
				SWIFT_APPROACHABLE_CONCURRENCY = YES;
				SWIFT_DEFAULT_ACTOR_ISOLATION = MainActor;
				SWIFT_EMIT_LOC_STRINGS = YES;
				SWIFT_UPCOMING_FEATURE_MEMBER_IMPORT_VISIBILITY = YES;
				SWIFT_VERSION = 5.0;
				TARGETED_DEVICE_FAMILY = 1;
			};
			name = Debug;
		};
		DE892E512F377F6700F12A5B /* Release */ = {
			isa = XCBuildConfiguration;
			buildSettings = {
				ASSETCATALOG_COMPILER_APPICON_NAME = AppIcon;
				ASSETCATALOG_COMPILER_GLOBAL_ACCENT_COLOR_NAME = AccentColor;
				CODE_SIGN_STYLE = Automatic;
				CURRENT_PROJECT_VERSION = 1;
				GENERATE_INFOPLIST_FILE = YES;
				INFOPLIST_FILE = get_weather_app/Info.plist;
				INFOPLIST_KEY_CFBundleDisplayName = Weather;
				INFOPLIST_KEY_LSApplicationCategoryType = "public.app-category.developer-tools";
				INFOPLIST_KEY_UIApplicationSupportsIndirectInputEvents = YES;
				INFOPLIST_KEY_UILaunchStoryboardName = LaunchScreen;
				INFOPLIST_KEY_UIMainStoryboardFile = Main;
				INFOPLIST_KEY_UISupportedInterfaceOrientations = UIInterfaceOrientationPortrait;
				INFOPLIST_KEY_UISupportedInterfaceOrientations_iPad = "UIInterfaceOrientationLandscapeLeft UIInterfaceOrientationLandscapeRight UIInterfaceOrientationPortrait UIInterfaceOrientationPortraitUpsideDown";
				IPHONEOS_DEPLOYMENT_TARGET = 15.6;
				LD_RUNPATH_SEARCH_PATHS = (
					"$(inherited)",
					"@executable_path/Frameworks",
				);
				MARKETING_VERSION = 1.0;
				PRODUCT_BUNDLE_IDENTIFIER = "com.albert.get-weather-app";
				PRODUCT_NAME = "$(TARGET_NAME)";
				STRING_CATALOG_GENERATE_SYMBOLS = YES;
				SUPPORTED_PLATFORMS = "iphoneos iphonesimulator";
				SUPPORTS_MACCATALYST = NO;
				SUPPORTS_MAC_DESIGNED_FOR_IPHONE_IPAD = NO;
				SUPPORTS_XR_DESIGNED_FOR_IPHONE_IPAD = NO;
				SWIFT_APPROACHABLE_CONCURRENCY = YES;
				SWIFT_DEFAULT_ACTOR_ISOLATION = MainActor;
				SWIFT_EMIT_LOC_STRINGS = YES;
				SWIFT_UPCOMING_FEATURE_MEMBER_IMPORT_VISIBILITY = YES;
				SWIFT_VERSION = 5.0;
				TARGETED_DEVICE_FAMILY = 1;
			};
			name = Release;
		};
		DE892E522F377F6700F12A5B /* Debug */ = {
			isa = XCBuildConfiguration;
			buildSettings = {
				ALWAYS_SEARCH_USER_PATHS = NO;
				ASSETCATALOG_COMPILER_GENERATE_SWIFT_ASSET_SYMBOL_EXTENSIONS = YES;
				CLANG_ANALYZER_NONNULL = YES;
				CLANG_ANALYZER_NUMBER_OBJECT_CONVERSION = YES_AGGRESSIVE;
				CLANG_CXX_LANGUAGE_STANDARD = "gnu++20";
				CLANG_ENABLE_MODULES = YES;
				CLANG_ENABLE_OBJC_ARC = YES;
				CLANG_ENABLE_OBJC_WEAK = YES;
				CLANG_WARN_BLOCK_CAPTURE_AUTORELEASING = YES;
				CLANG_WARN_BOOL_CONVERSION = YES;
				CLANG_WARN_COMMA = YES;
				CLANG_WARN_CONSTANT_CONVERSION = YES;
				CLANG_WARN_DEPRECATED_OBJC_IMPLEMENTATIONS = YES;
				CLANG_WARN_DIRECT_OBJC_ISA_USAGE = YES_ERROR;
				CLANG_WARN_DOCUMENTATION_COMMENTS = YES;
				CLANG_WARN_EMPTY_BODY = YES;
				CLANG_WARN_ENUM_CONVERSION = YES;
				CLANG_WARN_INFINITE_RECURSION = YES;
				CLANG_WARN_INT_CONVERSION = YES;
				CLANG_WARN_NON_LITERAL_NULL_CONVERSION = YES;
				CLANG_WARN_OBJC_IMPLICIT_RETAIN_SELF = YES;
				CLANG_WARN_OBJC_LITERAL_CONVERSION = YES;
				CLANG_WARN_OBJC_ROOT_CLASS = YES_ERROR;
				CLANG_WARN_QUOTED_INCLUDE_IN_FRAMEWORK_HEADER = YES;
				CLANG_WARN_RANGE_LOOP_ANALYSIS = YES;
				CLANG_WARN_STRICT_PROTOTYPES = YES;
				CLANG_WARN_SUSPICIOUS_MOVE = YES;
				CLANG_WARN_UNGUARDED_AVAILABILITY = YES_AGGRESSIVE;
				CLANG_WARN_UNREACHABLE_CODE = YES;
				CLANG_WARN__DUPLICATE_METHOD_MATCH = YES;
				COPY_PHASE_STRIP = NO;
				DEBUG_INFORMATION_FORMAT = dwarf;
				ENABLE_STRICT_OBJC_MSGSEND = YES;
				ENABLE_TESTABILITY = YES;
				ENABLE_USER_SCRIPT_SANDBOXING = YES;
				GCC_C_LANGUAGE_STANDARD = gnu17;
				GCC_DYNAMIC_NO_PIC = NO;
				GCC_NO_COMMON_BLOCKS = YES;
				GCC_OPTIMIZATION_LEVEL = 0;
				GCC_PREPROCESSOR_DEFINITIONS = (
					"DEBUG=1",
					"$(inherited)",
				);
				GCC_WARN_64_TO_32_BIT_CONVERSION = YES;
				GCC_WARN_ABOUT_RETURN_TYPE = YES_ERROR;
				GCC_WARN_UNDECLARED_SELECTOR = YES;
				GCC_WARN_UNINITIALIZED_AUTOS = YES_AGGRESSIVE;
				GCC_WARN_UNUSED_FUNCTION = YES;
				GCC_WARN_UNUSED_VARIABLE = YES;
				IPHONEOS_DEPLOYMENT_TARGET = 26.1;
				LOCALIZATION_PREFERS_STRING_CATALOGS = YES;
				MTL_ENABLE_DEBUG_INFO = INCLUDE_SOURCE;
				MTL_FAST_MATH = YES;
				ONLY_ACTIVE_ARCH = YES;
				SDKROOT = iphoneos;
				SWIFT_ACTIVE_COMPILATION_CONDITIONS = "DEBUG $(inherited)";
				SWIFT_OPTIMIZATION_LEVEL = "-Onone";
			};
			name = Debug;
		};
		DE892E532F377F6700F12A5B /* Release */ = {
			isa = XCBuildConfiguration;
			buildSettings = {
				ALWAYS_SEARCH_USER_PATHS = NO;
				ASSETCATALOG_COMPILER_GENERATE_SWIFT_ASSET_SYMBOL_EXTENSIONS = YES;
				CLANG_ANALYZER_NONNULL = YES;
				CLANG_ANALYZER_NUMBER_OBJECT_CONVERSION = YES_AGGRESSIVE;
				CLANG_CXX_LANGUAGE_STANDARD = "gnu++20";
				CLANG_ENABLE_MODULES = YES;
				CLANG_ENABLE_OBJC_ARC = YES;
				CLANG_ENABLE_OBJC_WEAK = YES;
				CLANG_WARN_BLOCK_CAPTURE_AUTORELEASING = YES;
				CLANG_WARN_BOOL_CONVERSION = YES;
				CLANG_WARN_COMMA = YES;
				CLANG_WARN_CONSTANT_CONVERSION = YES;
				CLANG_WARN_DEPRECATED_OBJC_IMPLEMENTATIONS = YES;
				CLANG_WARN_DIRECT_OBJC_ISA_USAGE = YES_ERROR;
				CLANG_WARN_DOCUMENTATION_COMMENTS = YES;
				CLANG_WARN_EMPTY_BODY = YES;
				CLANG_WARN_ENUM_CONVERSION = YES;
				CLANG_WARN_INFINITE_RECURSION = YES;
				CLANG_WARN_INT_CONVERSION = YES;
				CLANG_WARN_NON_LITERAL_NULL_CONVERSION = YES;
				CLANG_WARN_OBJC_IMPLICIT_RETAIN_SELF = YES;
				CLANG_WARN_OBJC_LITERAL_CONVERSION = YES;
				CLANG_WARN_OBJC_ROOT_CLASS = YES_ERROR;
				CLANG_WARN_QUOTED_INCLUDE_IN_FRAMEWORK_HEADER = YES;
				CLANG_WARN_RANGE_LOOP_ANALYSIS = YES;
				CLANG_WARN_STRICT_PROTOTYPES = YES;
				CLANG_WARN_SUSPICIOUS_MOVE = YES;
				CLANG_WARN_UNGUARDED_AVAILABILITY = YES_AGGRESSIVE;
				CLANG_WARN_UNREACHABLE_CODE = YES;
				CLANG_WARN__DUPLICATE_METHOD_MATCH = YES;
				COPY_PHASE_STRIP = NO;
				DEBUG_INFORMATION_FORMAT = "dwarf-with-dsym";
				ENABLE_NS_ASSERTIONS = NO;
				ENABLE_STRICT_OBJC_MSGSEND = YES;
				ENABLE_USER_SCRIPT_SANDBOXING = YES;
				GCC_C_LANGUAGE_STANDARD = gnu17;
				GCC_NO_COMMON_BLOCKS = YES;
				GCC_WARN_64_TO_32_BIT_CONVERSION = YES;
				GCC_WARN_ABOUT_RETURN_TYPE = YES_ERROR;
				GCC_WARN_UNDECLARED_SELECTOR = YES;
				GCC_WARN_UNINITIALIZED_AUTOS = YES_AGGRESSIVE;
				GCC_WARN_UNUSED_FUNCTION = YES;
				GCC_WARN_UNUSED_VARIABLE = YES;
				IPHONEOS_DEPLOYMENT_TARGET = 26.1;
				LOCALIZATION_PREFERS_STRING_CATALOGS = YES;
				MTL_ENABLE_DEBUG_INFO = NO;
				MTL_FAST_MATH = YES;
				SDKROOT = iphoneos;
				SWIFT_COMPILATION_MODE = wholemodule;
				VALIDATE_PRODUCT = YES;
			};
			name = Release;
		};
		DE892E552F377F6700F12A5B /* Debug */ = {
			isa = XCBuildConfiguration;
			buildSettings = {
				BUNDLE_LOADER = "$(TEST_HOST)";
				CODE_SIGN_STYLE = Automatic;
				CURRENT_PROJECT_VERSION = 1;
				GENERATE_INFOPLIST_FILE = YES;
				IPHONEOS_DEPLOYMENT_TARGET = 26.1;
				MARKETING_VERSION = 1.0;
				PRODUCT_BUNDLE_IDENTIFIER = "com.albert.get-weather-appTests";
				PRODUCT_NAME = "$(TARGET_NAME)";
				STRING_CATALOG_GENERATE_SYMBOLS = NO;
				SWIFT_APPROACHABLE_CONCURRENCY = YES;
				SWIFT_EMIT_LOC_STRINGS = NO;
				SWIFT_UPCOMING_FEATURE_MEMBER_IMPORT_VISIBILITY = YES;
				SWIFT_VERSION = 5.0;
				TARGETED_DEVICE_FAMILY = "1,2";
				TEST_HOST = "$(BUILT_PRODUCTS_DIR)/get_weather_app.app/$(BUNDLE_EXECUTABLE_FOLDER_PATH)/get_weather_app";
			};
			name = Debug;
		};
		DE892E562F377F6700F12A5B /* Release */ = {
			isa = XCBuildConfiguration;
			buildSettings = {
				BUNDLE_LOADER = "$(TEST_HOST)";
				CODE_SIGN_STYLE = Automatic;
				CURRENT_PROJECT_VERSION = 1;
				GENERATE_INFOPLIST_FILE = YES;
				IPHONEOS_DEPLOYMENT_TARGET = 26.1;
				MARKETING_VERSION = 1.0;
				PRODUCT_BUNDLE_IDENTIFIER = "com.albert.get-weather-appTests";
				PRODUCT_NAME = "$(TARGET_NAME)";
				STRING_CATALOG_GENERATE_SYMBOLS = NO;
				SWIFT_APPROACHABLE_CONCURRENCY = YES;
				SWIFT_EMIT_LOC_STRINGS = NO;
				SWIFT_UPCOMING_FEATURE_MEMBER_IMPORT_VISIBILITY = YES;
				SWIFT_VERSION = 5.0;
				TARGETED_DEVICE_FAMILY = "1,2";
				TEST_HOST = "$(BUILT_PRODUCTS_DIR)/get_weather_app.app/$(BUNDLE_EXECUTABLE_FOLDER_PATH)/get_weather_app";
			};
			name = Release;
		};
		DE892E582F377F6700F12A5B /* Debug */ = {
			isa = XCBuildConfiguration;
			buildSettings = {
				CODE_SIGN_STYLE = Automatic;
				CURRENT_PROJECT_VERSION = 1;
				GENERATE_INFOPLIST_FILE = YES;
				MARKETING_VERSION = 1.0;
				PRODUCT_BUNDLE_IDENTIFIER = "com.albert.get-weather-appUITests";
				PRODUCT_NAME = "$(TARGET_NAME)";
				STRING_CATALOG_GENERATE_SYMBOLS = NO;
				SWIFT_APPROACHABLE_CONCURRENCY = YES;
				SWIFT_EMIT_LOC_STRINGS = NO;
				SWIFT_UPCOMING_FEATURE_MEMBER_IMPORT_VISIBILITY = YES;
				SWIFT_VERSION = 5.0;
				TARGETED_DEVICE_FAMILY = "1,2";
				TEST_TARGET_NAME = get_weather_app;
			};
			name = Debug;
		};
		DE892E592F377F6700F12A5B /* Release */ = {
			isa = XCBuildConfiguration;
			buildSettings = {
				CODE_SIGN_STYLE = Automatic;
				CURRENT_PROJECT_VERSION = 1;
				GENERATE_INFOPLIST_FILE = YES;
				MARKETING_VERSION = 1.0;
				PRODUCT_BUNDLE_IDENTIFIER = "com.albert.get-weather-appUITests";
				PRODUCT_NAME = "$(TARGET_NAME)";
				STRING_CATALOG_GENERATE_SYMBOLS = NO;
				SWIFT_APPROACHABLE_CONCURRENCY = YES;
				SWIFT_EMIT_LOC_STRINGS = NO;
				SWIFT_UPCOMING_FEATURE_MEMBER_IMPORT_VISIBILITY = YES;
				SWIFT_VERSION = 5.0;
				TARGETED_DEVICE_FAMILY = "1,2";
				TEST_TARGET_NAME = get_weather_app;
			};
			name = Release;
		};
/* End XCBuildConfiguration section */

/* Begin XCConfigurationList section */
		DE892E212F377F6400F12A5B /* Build configuration list for PBXProject "get_weather_app" */ = {
			isa = XCConfigurationList;
			buildConfigurations = (
				DE892E522F377F6700F12A5B /* Debug */,
				DE892E532F377F6700F12A5B /* Release */,
			);
			defaultConfigurationIsVisible = 0;
			defaultConfigurationName = Release;
		};
		DE892E4F2F377F6700F12A5B /* Build configuration list for PBXNativeTarget "get_weather_app" */ = {
			isa = XCConfigurationList;
			buildConfigurations = (
				DE892E502F377F6700F12A5B /* Debug */,
				DE892E512F377F6700F12A5B /* Release */,
			);
			defaultConfigurationIsVisible = 0;
			defaultConfigurationName = Release;
		};
		DE892E542F377F6700F12A5B /* Build configuration list for PBXNativeTarget "get_weather_appTests" */ = {
			isa = XCConfigurationList;
			buildConfigurations = (
				DE892E552F377F6700F12A5B /* Debug */,
				DE892E562F377F6700F12A5B /* Release */,
			);
			defaultConfigurationIsVisible = 0;
			defaultConfigurationName = Release;
		};
		DE892E572F377F6700F12A5B /* Build configuration list for PBXNativeTarget "get_weather_appUITests" */ = {
			isa = XCConfigurationList;
			buildConfigurations = (
				DE892E582F377F6700F12A5B /* Debug */,
				DE892E592F377F6700F12A5B /* Release */,
			);
			defaultConfigurationIsVisible = 0;
			defaultConfigurationName = Release;
		};
/* End XCConfigurationList section */
	};
	rootObject = DE892E1E2F377F6400F12A5B /* Project object */;
}
